lockfileVersion: '9.0'

settings:
  autoInstallPeers: true
  excludeLinksFromLockfile: false

importers:

  .:
    dependencies:
      '@jeanharo98/typed-storage':
        specifier: ^0.1.9
        version: 0.1.9
    devDependencies:
      '@types/react':
        specifier: ^19.2.17
        version: 19.2.17
      react:
        specifier: ^19.2.7
        version: 19.2.7
      typescript:
        specifier: ^6.0.3
        version: 6.0.3

packages:

  '@jeanharo98/typed-storage@0.1.9':
    resolution: {integrity: sha512-fsqz19SMiw00fHbffuiswGfzKOv1p1Jqb+Yu594fgxZ1xAPqiPUjNgEuuou54tlwIibEMelsl/Vd6Y6I5JNpMA==}

  '@types/react@19.2.17':
    resolution: {integrity: sha512-MXfmqaVPEVgkBT/aY0aGCkRWWtByiYQXo3xdQ8r5RzuFrPiRn8Gar2tQdXSUQ2GKV3bkXckek89V8wQBY2Q/Aw==}

  csstype@3.2.3:
    resolution: {integrity: sha512-z1HGKcYy2xA8AGQfwrn0PAy+PB7X/GSj3UVJW9qKyn43xWa+gl5nXmU4qqLMRzWVLFC8KusUX8T/0kCiOYpAIQ==}

  lz-string@1.5.0:
    resolution: {integrity: sha512-h5bgJWpxJNswbU7qCrV0tIKQCaS3blPDrqKWx+QxzuzL1zGUzij9XCWLrSLsJPu5t+eWA/ycetzYAO5IOMcWAQ==}
    hasBin: true

  react@19.2.7:
    resolution: {integrity: sha512-HNe9WslTbXmFK8o8cmwgAeJFSBvt1bPdHCVKtaaV+WlAN36mpT4hcRpwbf3fY56ar2oIXzsBpOAiIRHAdY0OlQ==}
    engines: {node: '>=0.10.0'}

  typescript@6.0.3:
    resolution: {integrity: sha512-y2TvuxSZPDyQakkFRPZHKFm+KKVqIisdg9/CZwm9ftvKXLP8NRWj38/ODjNbr43SsoXqNuAisEf1GdCxqWcdBw==}
    engines: {node: '>=14.17'}
    hasBin: true

snapshots:

  '@jeanharo98/typed-storage@0.1.9':
    dependencies:
      lz-string: 1.5.0

  '@types/react@19.2.17':
    dependencies:
      csstype: 3.2.3

  csstype@3.2.3: {}

  lz-string@1.5.0: {}

  react@19.2.7: {}

  typescript@6.0.3: {}
